
Microsoft Visual Studio Solution File, Format Version 12.00
# Visual Studio 15
VisualStudioVersion = 15.0.27703.2026
MinimumVisualStudioVersion = 10.0.40219.1
Project("{FAE04EC0-301F-11D3-BF4B-00C04F79EFBC}") = "ccnet.externallogprocessor.plugin", "ccnet.externallogprocessor.plugin\ccnet.externallogprocessor.plugin.csproj", "{C952E0EB-4EFE-4218-ACA9-645579F2D172}"
EndProject
Global
	GlobalSection(SolutionConfigurationPlatforms) = preSolution
		Debug|Any CPU = Debug|Any CPU
		Release|Any CPU = Release|Any CPU
	EndGlobalSection
	GlobalSection(ProjectConfigurationPlatforms) = postSolution
		{C952E0EB-4EFE-4218-ACA9-645579F2D172}.Debug|Any CPU.ActiveCfg = Debug|Any CPU
		{C952E0EB-4EFE-4218-ACA9-645579F2D172}.Debug|Any CPU.Build.0 = Debug|Any CPU
		{C952E0EB-4EFE-4218-ACA9-645579F2D172}.Release|Any CPU.ActiveCfg = Release|Any CPU
		{C952E0EB-4EFE-4218-ACA9-645579F2D172}.Release|Any CPU.Build.0 = Release|Any CPU
	EndGlobalSection
	GlobalSection(SolutionProperties) = preSolution
		HideSolutionNode = FALSE
	EndGlobalSection
	GlobalSection(ExtensibilityGlobals) = postSolution
		SolutionGuid = {37FC85C5-F9EF-4D8D-AE2E-800E1ED61F25}
	EndGlobalSection
EndGlobal
